
Microsoft Visual Studio Solution File, Format Version 12.00
# Visual Studio Version 16
VisualStudioVersion = 16.0.31702.278
MinimumVisualStudioVersion = 10.0.40219.1
Project("{FAE04EC0-301F-11D3-BF4B-00C04F79EFBC}") = "Personas", "Personas\Personas.csproj", "{4E1277D0-5AD0-43C9-A839-B8C68CAD868D}"
EndProject
Global
	GlobalSection(SolutionConfigurationPlatforms) = preSolution
		Debug|Any CPU = Debug|Any CPU
		Release|Any CPU = Release|Any CPU
	EndGlobalSection
	GlobalSection(ProjectConfigurationPlatforms) = postSolution
		{4E1277D0-5AD0-43C9-A839-B8C68CAD868D}.Debug|Any CPU.ActiveCfg = Debug|Any CPU
		{4E1277D0-5AD0-43C9-A839-B8C68CAD868D}.Debug|Any CPU.Build.0 = Debug|Any CPU
		{4E1277D0-5AD0-43C9-A839-B8C68CAD868D}.Release|Any CPU.ActiveCfg = Release|Any CPU
		{4E1277D0-5AD0-43C9-A839-B8C68CAD868D}.Release|Any CPU.Build.0 = Release|Any CPU
	EndGlobalSection
	GlobalSection(SolutionProperties) = preSolution
		HideSolutionNode = FALSE
	EndGlobalSection
	GlobalSection(ExtensibilityGlobals) = postSolution
		SolutionGuid = {8CD5AE77-B751-42EB-B991-23869CBA6168}
	EndGlobalSection
EndGlobal
